
Microsoft Visual Studio Solution File, Format Version 12.00
# Visual Studio Version 17
VisualStudioVersion = 17.13.35828.75 d17.13
MinimumVisualStudioVersion = 10.0.40219.1
Project("{FAE04EC0-301F-11D3-BF4B-00C04F79EFBC}") = "Enum Exception", "Enum Exception\Enum Exception.csproj", "{FE25A457-50BE-49C7-888B-3D4C693473EE}"
EndProject
Global
	GlobalSection(SolutionConfigurationPlatforms) = preSolution
		Debug|Any CPU = Debug|Any CPU
		Release|Any CPU = Release|Any CPU
	EndGlobalSection
	GlobalSection(ProjectConfigurationPlatforms) = postSolution
		{FE25A457-50BE-49C7-888B-3D4C693473EE}.Debug|Any CPU.ActiveCfg = Debug|Any CPU
		{FE25A457-50BE-49C7-888B-3D4C693473EE}.Debug|Any CPU.Build.0 = Debug|Any CPU
		{FE25A457-50BE-49C7-888B-3D4C693473EE}.Release|Any CPU.ActiveCfg = Release|Any CPU
		{FE25A457-50BE-49C7-888B-3D4C693473EE}.Release|Any CPU.Build.0 = Release|Any CPU
	EndGlobalSection
	GlobalSection(SolutionProperties) = preSolution
		HideSolutionNode = FALSE
	EndGlobalSection
	GlobalSection(ExtensibilityGlobals) = postSolution
		SolutionGuid = {E8E83583-DC1F-4CC3-802C-AB11873CAF40}
	EndGlobalSection
EndGlobal
